
Microsoft Visual Studio Solution File, Format Version 12.00
# Visual Studio Version 17
VisualStudioVersion = 17.11.35222.181
MinimumVisualStudioVersion = 10.0.40219.1
Project("{FAE04EC0-301F-11D3-BF4B-00C04F79EFBC}") = "TodoServerApp", "TodoServerApp\TodoServerApp.csproj", "{ED15C0F1-941F-4E8E-A836-74BA673DF35C}"
EndProject
Global
	GlobalSection(SolutionConfigurationPlatforms) = preSolution
		Debug|Any CPU = Debug|Any CPU
		Release|Any CPU = Release|Any CPU
	EndGlobalSection
	GlobalSection(ProjectConfigurationPlatforms) = postSolution
		{ED15C0F1-941F-4E8E-A836-74BA673DF35C}.Debug|Any CPU.ActiveCfg = Debug|Any CPU
		{ED15C0F1-941F-4E8E-A836-74BA673DF35C}.Debug|Any CPU.Build.0 = Debug|Any CPU
		{ED15C0F1-941F-4E8E-A836-74BA673DF35C}.Release|Any CPU.ActiveCfg = Release|Any CPU
		{ED15C0F1-941F-4E8E-A836-74BA673DF35C}.Release|Any CPU.Build.0 = Release|Any CPU
	EndGlobalSection
	GlobalSection(SolutionProperties) = preSolution
		HideSolutionNode = FALSE
	EndGlobalSection
	GlobalSection(ExtensibilityGlobals) = postSolution
		SolutionGuid = {C8E27889-9BF2-47B9-BF49-318E58AF8ADE}
	EndGlobalSection
EndGlobal
